// !$*UTF8*$!
{
	archiveVersion = 1;
	classes = {
	};
	objectVersion = 46;
	objects = {

/* Begin PBXBuildFile section */
		05E78EA14725AC4CC5EDDFED /* Pods_CamaraMessager.framework in Frameworks */ = {isa = PBXBuildFile; fileRef = 5C66C681F7570F0FC6E3C41A /* Pods_CamaraMessager.framework */; };
		EA22B9731F399F4500049034 /* CameraBackgroundController.m in Sources */ = {isa = PBXBuildFile; fileRef = EA22B9721F399F4500049034 /* CameraBackgroundController.m */; };
		EA2ABFFA1F4455DF004CAF71 /* GlobalVars.m in Sources */ = {isa = PBXBuildFile; fileRef = EA2ABFF91F4455DF004CAF71 /* GlobalVars.m */; };
		EA2D03FF1F3C810C00EF32EF /* AnimationView.m in Sources */ = {isa = PBXBuildFile; fileRef = EA2D03FE1F3C810C00EF32EF /* AnimationView.m */; };
		EA5688D41F41412000C19E22 /* CameraBackgroundTableViewController.m in Sources */ = {isa = PBXBuildFile; fileRef = EA5688D31F41412000C19E22 /* CameraBackgroundTableViewController.m */; };
		EAA02D561F3475E400FC371C /* main.m in Sources */ = {isa = PBXBuildFile; fileRef = EAA02D551F3475E400FC371C /* main.m */; };
		EAA02D591F3475E400FC371C /* AppDelegate.m in Sources */ = {isa = PBXBuildFile; fileRef = EAA02D581F3475E400FC371C /* AppDelegate.m */; };
		EAA02D5C1F3475E400FC371C /* ViewController.m in Sources */ = {isa = PBXBuildFile; fileRef = EAA02D5B1F3475E400FC371C /* ViewController.m */; };
		EAA02D5F1F3475E400FC371C /* Main.storyboard in Resources */ = {isa = PBXBuildFile; fileRef = EAA02D5D1F3475E400FC371C /* Main.storyboard */; };
		EAA02D611F3475E400FC371C /* Assets.xcassets in Resources */ = {isa = PBXBuildFile; fileRef = EAA02D601F3475E400FC371C /* Assets.xcassets */; };
		EAA02D641F3475E400FC371C /* LaunchScreen.storyboard in Resources */ = {isa = PBXBuildFile; fileRef = EAA02D621F3475E400FC371C /* LaunchScreen.storyboard */; };
		EAA02D6F1F3475E400FC371C /* CamaraMessagerTests.m in Sources */ = {isa = PBXBuildFile; fileRef = EAA02D6E1F3475E400FC371C /* CamaraMessagerTests.m */; };
		EAA02D7A1F3475E400FC371C /* CamaraMessagerUITests.m in Sources */ = {isa = PBXBuildFile; fileRef = EAA02D791F3475E400FC371C /* CamaraMessagerUITests.m */; };
		EAA02D891F34765900FC371C /* PhotoLibraryViewController.m in Sources */ = {isa = PBXBuildFile; fileRef = EAA02D881F34765900FC371C /* PhotoLibraryViewController.m */; };
		EAA02D8C1F34766800FC371C /* CamaraViewController.m in Sources */ = {isa = PBXBuildFile; fileRef = EAA02D8B1F34766800FC371C /* CamaraViewController.m */; };
		EAA02D8F1F3476D700FC371C /* TextViewController.m in Sources */ = {isa = PBXBuildFile; fileRef = EAA02D8E1F3476D700FC371C /* TextViewController.m */; };
		EADC2F001F381B5C00E977F2 /* PhotoLibraryLoader.m in Sources */ = {isa = PBXBuildFile; fileRef = EADC2EFF1F381B5C00E977F2 /* PhotoLibraryLoader.m */; };
		EADC2F061F3856B900E977F2 /* MediaItem.m in Sources */ = {isa = PBXBuildFile; fileRef = EADC2F051F3856B900E977F2 /* MediaItem.m */; };
/* End PBXBuildFile section */

/* Begin PBXContainerItemProxy section */
		EAA02D6B1F3475E400FC371C /* PBXContainerItemProxy */ = {
			isa = PBXContainerItemProxy;
			containerPortal = EAA02D491F3475E400FC371C /* Project object */;
			proxyType = 1;
			remoteGlobalIDString = EAA02D501F3475E400FC371C;
			remoteInfo = CamaraMessager;
		};
		EAA02D761F3475E400FC371C /* PBXContainerItemProxy */ = {
			isa = PBXContainerItemProxy;
			containerPortal = EAA02D491F3475E400FC371C /* Project object */;
			proxyType = 1;
			remoteGlobalIDString = EAA02D501F3475E400FC371C;
			remoteInfo = CamaraMessager;
		};
/* End PBXContainerItemProxy section */

/* Begin PBXFileReference section */
		30579EE323A1CBC0F6EEEF80 /* Pods-CamaraMessager.release.xcconfig */ = {isa = PBXFileReference; includeInIndex = 1; lastKnownFileType = text.xcconfig; name = "Pods-CamaraMessager.release.xcconfig"; path = "Pods/Target Support Files/Pods-CamaraMessager/Pods-CamaraMessager.release.xcconfig"; sourceTree = "<group>"; };
		5C66C681F7570F0FC6E3C41A /* Pods_CamaraMessager.framework */ = {isa = PBXFileReference; explicitFileType = wrapper.framework; includeInIndex = 0; path = Pods_CamaraMessager.framework; sourceTree = BUILT_PRODUCTS_DIR; };
		773A48E4E5C4FC79A94E62B2 /* Pods-CamaraMessager.debug.xcconfig */ = {isa = PBXFileReference; includeInIndex = 1; lastKnownFileType = text.xcconfig; name = "Pods-CamaraMessager.debug.xcconfig"; path = "Pods/Target Support Files/Pods-CamaraMessager/Pods-CamaraMessager.debug.xcconfig"; sourceTree = "<group>"; };
		EA0D7ACF1F42AECC0052C0D6 /* CheckCameraPermissionDelegate.h */ = {isa = PBXFileReference; lastKnownFileType = sourcecode.c.h; path = CheckCameraPermissionDelegate.h; sourceTree = "<group>"; };
		EA22B9711F399F4500049034 /* CameraBackgroundController.h */ = {isa = PBXFileReference; fileEncoding = 4; lastKnownFileType = sourcecode.c.h; path = CameraBackgroundController.h; sourceTree = "<group>"; };
		EA22B9721F399F4500049034 /* CameraBackgroundController.m */ = {isa = PBXFileReference; fileEncoding = 4; lastKnownFileType = sourcecode.c.objc; path = CameraBackgroundController.m; sourceTree = "<group>"; };
		EA2ABFF81F4455DF004CAF71 /* GlobalVars.h */ = {isa = PBXFileReference; fileEncoding = 4; lastKnownFileType = sourcecode.c.h; path = GlobalVars.h; sourceTree = "<group>"; };
		EA2ABFF91F4455DF004CAF71 /* GlobalVars.m */ = {isa = PBXFileReference; fileEncoding = 4; lastKnownFileType = sourcecode.c.objc; path = GlobalVars.m; sourceTree = "<group>"; };
		EA2D03FD1F3C810C00EF32EF /* AnimationView.h */ = {isa = PBXFileReference; fileEncoding = 4; lastKnownFileType = sourcecode.c.h; path = AnimationView.h; sourceTree = "<group>"; };
		EA2D03FE1F3C810C00EF32EF /* AnimationView.m */ = {isa = PBXFileReference; fileEncoding = 4; lastKnownFileType = sourcecode.c.objc; path = AnimationView.m; sourceTree = "<group>"; };
		EA5688D21F41412000C19E22 /* CameraBackgroundTableViewController.h */ = {isa = PBXFileReference; fileEncoding = 4; lastKnownFileType = sourcecode.c.h; path = CameraBackgroundTableViewController.h; sourceTree = "<group>"; };
		EA5688D31F41412000C19E22 /* CameraBackgroundTableViewController.m */ = {isa = PBXFileReference; fileEncoding = 4; lastKnownFileType = sourcecode.c.objc; path = CameraBackgroundTableViewController.m; sourceTree = "<group>"; };
		EA5688D51F417E9700C19E22 /* AnimationForCollectionViewDelegate.h */ = {isa = PBXFileReference; lastKnownFileType = sourcecode.c.h; path = AnimationForCollectionViewDelegate.h; sourceTree = "<group>"; };
		EA5688D81F41B48400C19E22 /* GestureRecognizeDelegate.h */ = {isa = PBXFileReference; lastKnownFileType = sourcecode.c.h; path = GestureRecognizeDelegate.h; sourceTree = "<group>"; };
		EAA02D511F3475E400FC371C /* CamaraMessager.app */ = {isa = PBXFileReference; explicitFileType = wrapper.application; includeInIndex = 0; path = CamaraMessager.app; sourceTree = BUILT_PRODUCTS_DIR; };
		EAA02D551F3475E400FC371C /* main.m */ = {isa = PBXFileReference; lastKnownFileType = sourcecode.c.objc; path = main.m; sourceTree = "<group>"; };
		EAA02D571F3475E400FC371C /* AppDelegate.h */ = {isa = PBXFileReference; lastKnownFileType = sourcecode.c.h; path = AppDelegate.h; sourceTree = "<group>"; };
		EAA02D581F3475E400FC371C /* AppDelegate.m */ = {isa = PBXFileReference; lastKnownFileType = sourcecode.c.objc; path = AppDelegate.m; sourceTree = "<group>"; };
		EAA02D5A1F3475E400FC371C /* ViewController.h */ = {isa = PBXFileReference; lastKnownFileType = sourcecode.c.h; path = ViewController.h; sourceTree = "<group>"; };
		EAA02D5B1F3475E400FC371C /* ViewController.m */ = {isa = PBXFileReference; lastKnownFileType = sourcecode.c.objc; path = ViewController.m; sourceTree = "<group>"; };
		EAA02D5E1F3475E400FC371C /* Base */ = {isa = PBXFileReference; lastKnownFileType = file.storyboard; name = Base; path = Base.lproj/Main.storyboard; sourceTree = "<group>"; };
		EAA02D601F3475E400FC371C /* Assets.xcassets */ = {isa = PBXFileReference; lastKnownFileType = folder.assetcatalog; path = Assets.xcassets; sourceTree = "<group>"; };
		EAA02D631F3475E400FC371C /* Base */ = {isa = PBXFileReference; lastKnownFileType = file.storyboard; name = Base; path = Base.lproj/LaunchScreen.storyboard; sourceTree = "<group>"; };
		EAA02D651F3475E400FC371C /* Info.plist */ = {isa = PBXFileReference; lastKnownFileType = text.plist.xml; path = Info.plist; sourceTree = "<group>"; };
		EAA02D6A1F3475E400FC371C /* CamaraMessagerTests.xctest */ = {isa = PBXFileReference; explicitFileType = wrapper.cfbundle; includeInIndex = 0; path = CamaraMessagerTests.xctest; sourceTree = BUILT_PRODUCTS_DIR; };
		EAA02D6E1F3475E400FC371C /* CamaraMessagerTests.m */ = {isa = PBXFileReference; lastKnownFileType = sourcecode.c.objc; path = CamaraMessagerTests.m; sourceTree = "<group>"; };
		EAA02D701F3475E400FC371C /* Info.plist */ = {isa = PBXFileReference; lastKnownFileType = text.plist.xml; path = Info.plist; sourceTree = "<group>"; };
		EAA02D751F3475E400FC371C /* CamaraMessagerUITests.xctest */ = {isa = PBXFileReference; explicitFileType = wrapper.cfbundle; includeInIndex = 0; path = CamaraMessagerUITests.xctest; sourceTree = BUILT_PRODUCTS_DIR; };
		EAA02D791F3475E400FC371C /* CamaraMessagerUITests.m */ = {isa = PBXFileReference; lastKnownFileType = sourcecode.c.objc; path = CamaraMessagerUITests.m; sourceTree = "<group>"; };
		EAA02D7B1F3475E400FC371C /* Info.plist */ = {isa = PBXFileReference; lastKnownFileType = text.plist.xml; path = Info.plist; sourceTree = "<group>"; };
		EAA02D871F34765900FC371C /* PhotoLibraryViewController.h */ = {isa = PBXFileReference; fileEncoding = 4; lastKnownFileType = sourcecode.c.h; path = PhotoLibraryViewController.h; sourceTree = "<group>"; };
		EAA02D881F34765900FC371C /* PhotoLibraryViewController.m */ = {isa = PBXFileReference; fileEncoding = 4; lastKnownFileType = sourcecode.c.objc; path = PhotoLibraryViewController.m; sourceTree = "<group>"; };
		EAA02D8A1F34766800FC371C /* CamaraViewController.h */ = {isa = PBXFileReference; fileEncoding = 4; lastKnownFileType = sourcecode.c.h; path = CamaraViewController.h; sourceTree = "<group>"; };
		EAA02D8B1F34766800FC371C /* CamaraViewController.m */ = {isa = PBXFileReference; fileEncoding = 4; lastKnownFileType = sourcecode.c.objc; path = CamaraViewController.m; sourceTree = "<group>"; };
		EAA02D8D1F3476D700FC371C /* TextViewController.h */ = {isa = PBXFileReference; fileEncoding = 4; lastKnownFileType = sourcecode.c.h; path = TextViewController.h; sourceTree = "<group>"; };
		EAA02D8E1F3476D700FC371C /* TextViewController.m */ = {isa = PBXFileReference; fileEncoding = 4; lastKnownFileType = sourcecode.c.objc; path = TextViewController.m; sourceTree = "<group>"; };
		EADC2EFC1F3803E900E977F2 /* Constants.h */ = {isa = PBXFileReference; lastKnownFileType = sourcecode.c.h; path = Constants.h; sourceTree = "<group>"; };
		EADC2EFE1F381B5C00E977F2 /* PhotoLibraryLoader.h */ = {isa = PBXFileReference; fileEncoding = 4; lastKnownFileType = sourcecode.c.h; path = PhotoLibraryLoader.h; sourceTree = "<group>"; };
		EADC2EFF1F381B5C00E977F2 /* PhotoLibraryLoader.m */ = {isa = PBXFileReference; fileEncoding = 4; lastKnownFileType = sourcecode.c.objc; path = PhotoLibraryLoader.m; sourceTree = "<group>"; };
		EADC2F041F3856B900E977F2 /* MediaItem.h */ = {isa = PBXFileReference; fileEncoding = 4; lastKnownFileType = sourcecode.c.h; path = MediaItem.h; sourceTree = "<group>"; };
		EADC2F051F3856B900E977F2 /* MediaItem.m */ = {isa = PBXFileReference; fileEncoding = 4; lastKnownFileType = sourcecode.c.objc; path = MediaItem.m; sourceTree = "<group>"; };
/* End PBXFileReference section */

/* Begin PBXFrameworksBuildPhase section */
		EAA02D4E1F3475E400FC371C /* Frameworks */ = {
			isa = PBXFrameworksBuildPhase;
			buildActionMask = 2147483647;
			files = (
				05E78EA14725AC4CC5EDDFED /* Pods_CamaraMessager.framework in Frameworks */,
			);
			runOnlyForDeploymentPostprocessing = 0;
		};
		EAA02D671F3475E400FC371C /* Frameworks */ = {
			isa = PBXFrameworksBuildPhase;
			buildActionMask = 2147483647;
			files = (
			);
			runOnlyForDeploymentPostprocessing = 0;
		};
		EAA02D721F3475E400FC371C /* Frameworks */ = {
			isa = PBXFrameworksBuildPhase;
			buildActionMask = 2147483647;
			files = (
			);
			runOnlyForDeploymentPostprocessing = 0;
		};
/* End PBXFrameworksBuildPhase section */

/* Begin PBXGroup section */
		B4CDC20F6932274D142F7692 /* Pods */ = {
			isa = PBXGroup;
			children = (
				773A48E4E5C4FC79A94E62B2 /* Pods-CamaraMessager.debug.xcconfig */,
				30579EE323A1CBC0F6EEEF80 /* Pods-CamaraMessager.release.xcconfig */,
			);
			name = Pods;
			sourceTree = "<group>";
		};
		E344A6996E81AF531E5CFBD1 /* Frameworks */ = {
			isa = PBXGroup;
			children = (
				5C66C681F7570F0FC6E3C41A /* Pods_CamaraMessager.framework */,
			);
			name = Frameworks;
			sourceTree = "<group>";
		};
		EA15EDD11F3D4FA100CD3037 /* Camera */ = {
			isa = PBXGroup;
			children = (
				EAA02D8A1F34766800FC371C /* CamaraViewController.h */,
				EAA02D8B1F34766800FC371C /* CamaraViewController.m */,
				EA22B9711F399F4500049034 /* CameraBackgroundController.h */,
				EA22B9721F399F4500049034 /* CameraBackgroundController.m */,
				EA5688D21F41412000C19E22 /* CameraBackgroundTableViewController.h */,
				EA5688D31F41412000C19E22 /* CameraBackgroundTableViewController.m */,
			);
			name = Camera;
			sourceTree = "<group>";
		};
		EA15EDD21F3D4FB600CD3037 /* Text */ = {
			isa = PBXGroup;
			children = (
				EAA02D8D1F3476D700FC371C /* TextViewController.h */,
				EAA02D8E1F3476D700FC371C /* TextViewController.m */,
			);
			name = Text;
			sourceTree = "<group>";
		};
		EA15EDD31F3D4FD500CD3037 /* Delegate&Constants */ = {
			isa = PBXGroup;
			children = (
				EA5688D51F417E9700C19E22 /* AnimationForCollectionViewDelegate.h */,
				EA0D7ACF1F42AECC0052C0D6 /* CheckCameraPermissionDelegate.h */,
				EA5688D81F41B48400C19E22 /* GestureRecognizeDelegate.h */,
				EADC2EFC1F3803E900E977F2 /* Constants.h */,
				EA2ABFF81F4455DF004CAF71 /* GlobalVars.h */,
				EA2ABFF91F4455DF004CAF71 /* GlobalVars.m */,
			);
			name = "Delegate&Constants";
			sourceTree = "<group>";
		};
		EA2ABFFB1F445FE3004CAF71 /* ScrollView */ = {
			isa = PBXGroup;
			children = (
				EA42CA081F3AF8CA0024A2E1 /* Animation */,
				EA15EDD21F3D4FB600CD3037 /* Text */,
				EA15EDD11F3D4FA100CD3037 /* Camera */,
				EADC2EFD1F381ABE00E977F2 /* PhotoLibraryLoader */,
				EAA02D5A1F3475E400FC371C /* ViewController.h */,
				EAA02D5B1F3475E400FC371C /* ViewController.m */,
			);
			name = ScrollView;
			sourceTree = "<group>";
		};
		EA42CA081F3AF8CA0024A2E1 /* Animation */ = {
			isa = PBXGroup;
			children = (
				EA2D03FD1F3C810C00EF32EF /* AnimationView.h */,
				EA2D03FE1F3C810C00EF32EF /* AnimationView.m */,
			);
			name = Animation;
			sourceTree = "<group>";
		};
		EAA02D481F3475E400FC371C = {
			isa = PBXGroup;
			children = (
				EAA02D531F3475E400FC371C /* CamaraMessager */,
				EAA02D6D1F3475E400FC371C /* CamaraMessagerTests */,
				EAA02D781F3475E400FC371C /* CamaraMessagerUITests */,
				EAA02D521F3475E400FC371C /* Products */,
				B4CDC20F6932274D142F7692 /* Pods */,
				E344A6996E81AF531E5CFBD1 /* Frameworks */,
			);
			sourceTree = "<group>";
		};
		EAA02D521F3475E400FC371C /* Products */ = {
			isa = PBXGroup;
			children = (
				EAA02D511F3475E400FC371C /* CamaraMessager.app */,
				EAA02D6A1F3475E400FC371C /* CamaraMessagerTests.xctest */,
				EAA02D751F3475E400FC371C /* CamaraMessagerUITests.xctest */,
			);
			name = Products;
			sourceTree = "<group>";
		};
		EAA02D531F3475E400FC371C /* CamaraMessager */ = {
			isa = PBXGroup;
			children = (
				EA15EDD31F3D4FD500CD3037 /* Delegate&Constants */,
				EAA02D901F3476E000FC371C /* ViewController */,
				EAA02D911F3476F100FC371C /* View */,
				EAA02D541F3475E400FC371C /* Supporting Files */,
			);
			path = CamaraMessager;
			sourceTree = "<group>";
		};
		EAA02D541F3475E400FC371C /* Supporting Files */ = {
			isa = PBXGroup;
			children = (
				EAA02D571F3475E400FC371C /* AppDelegate.h */,
				EAA02D581F3475E400FC371C /* AppDelegate.m */,
				EAA02D551F3475E400FC371C /* main.m */,
			);
			name = "Supporting Files";
			sourceTree = "<group>";
		};
		EAA02D6D1F3475E400FC371C /* CamaraMessagerTests */ = {
			isa = PBXGroup;
			children = (
				EAA02D6E1F3475E400FC371C /* CamaraMessagerTests.m */,
				EAA02D701F3475E400FC371C /* Info.plist */,
			);
			path = CamaraMessagerTests;
			sourceTree = "<group>";
		};
		EAA02D781F3475E400FC371C /* CamaraMessagerUITests */ = {
			isa = PBXGroup;
			children = (
				EAA02D791F3475E400FC371C /* CamaraMessagerUITests.m */,
				EAA02D7B1F3475E400FC371C /* Info.plist */,
			);
			path = CamaraMessagerUITests;
			sourceTree = "<group>";
		};
		EAA02D901F3476E000FC371C /* ViewController */ = {
			isa = PBXGroup;
			children = (
				EA2ABFFB1F445FE3004CAF71 /* ScrollView */,
			);
			name = ViewController;
			sourceTree = "<group>";
		};
		EAA02D911F3476F100FC371C /* View */ = {
			isa = PBXGroup;
			children = (
				EAA02D5D1F3475E400FC371C /* Main.storyboard */,
				EAA02D601F3475E400FC371C /* Assets.xcassets */,
				EAA02D621F3475E400FC371C /* LaunchScreen.storyboard */,
				EAA02D651F3475E400FC371C /* Info.plist */,
			);
			name = View;
			sourceTree = "<group>";
		};
		EADC2EFD1F381ABE00E977F2 /* PhotoLibraryLoader */ = {
			isa = PBXGroup;
			children = (
				EAA02D871F34765900FC371C /* PhotoLibraryViewController.h */,
				EAA02D881F34765900FC371C /* PhotoLibraryViewController.m */,
				EADC2EFE1F381B5C00E977F2 /* PhotoLibraryLoader.h */,
				EADC2EFF1F381B5C00E977F2 /* PhotoLibraryLoader.m */,
				EADC2F041F3856B900E977F2 /* MediaItem.h */,
				EADC2F051F3856B900E977F2 /* MediaItem.m */,
			);
			name = PhotoLibraryLoader;
			sourceTree = "<group>";
		};
/* End PBXGroup section */

/* Begin PBXNativeTarget section */
		EAA02D501F3475E400FC371C /* CamaraMessager */ = {
			isa = PBXNativeTarget;
			buildConfigurationList = EAA02D7E1F3475E400FC371C /* Build configuration list for PBXNativeTarget "CamaraMessager" */;
			buildPhases = (
				BF9C7485FF6AA51A7216AC19 /* [CP] Check Pods Manifest.lock */,
				EAA02D4D1F3475E400FC371C /* Sources */,
				EAA02D4E1F3475E400FC371C /* Frameworks */,
				EAA02D4F1F3475E400FC371C /* Resources */,
				DEF9434994EC0C97D211F1F1 /* [CP] Embed Pods Frameworks */,
				D647B28B892573535049A5F4 /* [CP] Copy Pods Resources */,
			);
			buildRules = (
			);
			dependencies = (
			);
			name = CamaraMessager;
			productName = CamaraMessager;
			productReference = EAA02D511F3475E400FC371C /* CamaraMessager.app */;
			productType = "com.apple.product-type.application";
		};
		EAA02D691F3475E400FC371C /* CamaraMessagerTests */ = {
			isa = PBXNativeTarget;
			buildConfigurationList = EAA02D811F3475E400FC371C /* Build configuration list for PBXNativeTarget "CamaraMessagerTests" */;
			buildPhases = (
				EAA02D661F3475E400FC371C /* Sources */,
				EAA02D671F3475E400FC371C /* Frameworks */,
				EAA02D681F3475E400FC371C /* Resources */,
			);
			buildRules = (
			);
			dependencies = (
				EAA02D6C1F3475E400FC371C /* PBXTargetDependency */,
			);
			name = CamaraMessagerTests;
			productName = CamaraMessagerTests;
			productReference = EAA02D6A1F3475E400FC371C /* CamaraMessagerTests.xctest */;
			productType = "com.apple.product-type.bundle.unit-test";
		};
		EAA02D741F3475E400FC371C /* CamaraMessagerUITests */ = {
			isa = PBXNativeTarget;
			buildConfigurationList = EAA02D841F3475E400FC371C /* Build configuration list for PBXNativeTarget "CamaraMessagerUITests" */;
			buildPhases = (
				EAA02D711F3475E400FC371C /* Sources */,
				EAA02D721F3475E400FC371C /* Frameworks */,
				EAA02D731F3475E400FC371C /* Resources */,
			);
			buildRules = (
			);
			dependencies = (
				EAA02D771F3475E400FC371C /* PBXTargetDependency */,
			);
			name = CamaraMessagerUITests;
			productName = CamaraMessagerUITests;
			productReference = EAA02D751F3475E400FC371C /* CamaraMessagerUITests.xctest */;
			productType = "com.apple.product-type.bundle.ui-testing";
		};
/* End PBXNativeTarget section */

/* Begin PBXProject section */
		EAA02D491F3475E400FC371C /* Project object */ = {
			isa = PBXProject;
			attributes = {
				LastUpgradeCheck = 0830;
				ORGANIZATIONNAME = "Doan Van Vu";
				TargetAttributes = {
					EAA02D501F3475E400FC371C = {
						CreatedOnToolsVersion = 8.3.3;
						DevelopmentTeam = V2Q6A7M8X9;
						ProvisioningStyle = Automatic;
					};
					EAA02D691F3475E400FC371C = {
						CreatedOnToolsVersion = 8.3.3;
						ProvisioningStyle = Automatic;
						TestTargetID = EAA02D501F3475E400FC371C;
					};
					EAA02D741F3475E400FC371C = {
						CreatedOnToolsVersion = 8.3.3;
						ProvisioningStyle = Automatic;
						TestTargetID = EAA02D501F3475E400FC371C;
					};
				};
			};
			buildConfigurationList = EAA02D4C1F3475E400FC371C /* Build configuration list for PBXProject "CamaraMessager" */;
			compatibilityVersion = "Xcode 3.2";
			developmentRegion = English;
			hasScannedForEncodings = 0;
			knownRegions = (
				en,
				Base,
			);
			mainGroup = EAA02D481F3475E400FC371C;
			productRefGroup = EAA02D521F3475E400FC371C /* Products */;
			projectDirPath = "";
			projectRoot = "";
			targets = (
				EAA02D501F3475E400FC371C /* CamaraMessager */,
				EAA02D691F3475E400FC371C /* CamaraMessagerTests */,
				EAA02D741F3475E400FC371C /* CamaraMessagerUITests */,
			);
		};
/* End PBXProject section */

/* Begin PBXResourcesBuildPhase section */
		EAA02D4F1F3475E400FC371C /* Resources */ = {
			isa = PBXResourcesBuildPhase;
			buildActionMask = 2147483647;
			files = (
				EAA02D641F3475E400FC371C /* LaunchScreen.storyboard in Resources */,
				EAA02D611F3475E400FC371C /* Assets.xcassets in Resources */,
				EAA02D5F1F3475E400FC371C /* Main.storyboard in Resources */,
			);
			runOnlyForDeploymentPostprocessing = 0;
		};
		EAA02D681F3475E400FC371C /* Resources */ = {
			isa = PBXResourcesBuildPhase;
			buildActionMask = 2147483647;
			files = (
			);
			runOnlyForDeploymentPostprocessing = 0;
		};
		EAA02D731F3475E400FC371C /* Resources */ = {
			isa = PBXResourcesBuildPhase;
			buildActionMask = 2147483647;
			files = (
			);
			runOnlyForDeploymentPostprocessing = 0;
		};
/* End PBXResourcesBuildPhase section */

/* Begin PBXShellScriptBuildPhase section */
		BF9C7485FF6AA51A7216AC19 /* [CP] Check Pods Manifest.lock */ = {
			isa = PBXShellScriptBuildPhase;
			buildActionMask = 2147483647;
			files = (
			);
			inputPaths = (
			);
			name = "[CP] Check Pods Manifest.lock";
			outputPaths = (
			);
			runOnlyForDeploymentPostprocessing = 0;
			shellPath = /bin/sh;
			shellScript = "diff \"${PODS_PODFILE_DIR_PATH}/Podfile.lock\" \"${PODS_ROOT}/Manifest.lock\" > /dev/null\nif [ $? != 0 ] ; then\n    # print error to STDERR\n    echo \"error: The sandbox is not in sync with the Podfile.lock. Run 'pod install' or update your CocoaPods installation.\" >&2\n    exit 1\nfi\n";
			showEnvVarsInLog = 0;
		};
		D647B28B892573535049A5F4 /* [CP] Copy Pods Resources */ = {
			isa = PBXShellScriptBuildPhase;
			buildActionMask = 2147483647;
			files = (
			);
			inputPaths = (
			);
			name = "[CP] Copy Pods Resources";
			outputPaths = (
			);
			runOnlyForDeploymentPostprocessing = 0;
			shellPath = /bin/sh;
			shellScript = "\"${SRCROOT}/Pods/Target Support Files/Pods-CamaraMessager/Pods-CamaraMessager-resources.sh\"\n";
			showEnvVarsInLog = 0;
		};
		DEF9434994EC0C97D211F1F1 /* [CP] Embed Pods Frameworks */ = {
			isa = PBXShellScriptBuildPhase;
			buildActionMask = 2147483647;
			files = (
			);
			inputPaths = (
			);
			name = "[CP] Embed Pods Frameworks";
			outputPaths = (
			);
			runOnlyForDeploymentPostprocessing = 0;
			shellPath = /bin/sh;
			shellScript = "\"${SRCROOT}/Pods/Target Support Files/Pods-CamaraMessager/Pods-CamaraMessager-frameworks.sh\"\n";
			showEnvVarsInLog = 0;
		};
/* End PBXShellScriptBuildPhase section */

/* Begin PBXSourcesBuildPhase section */
		EAA02D4D1F3475E400FC371C /* Sources */ = {
			isa = PBXSourcesBuildPhase;
			buildActionMask = 2147483647;
			files = (
				EAA02D5C1F3475E400FC371C /* ViewController.m in Sources */,
				EAA02D891F34765900FC371C /* PhotoLibraryViewController.m in Sources */,
				EADC2F001F381B5C00E977F2 /* PhotoLibraryLoader.m in Sources */,
				EAA02D591F3475E400FC371C /* AppDelegate.m in Sources */,
				EA2ABFFA1F4455DF004CAF71 /* GlobalVars.m in Sources */,
				EA5688D41F41412000C19E22 /* CameraBackgroundTableViewController.m in Sources */,
				EAA02D8F1F3476D700FC371C /* TextViewController.m in Sources */,
				EADC2F061F3856B900E977F2 /* MediaItem.m in Sources */,
				EA22B9731F399F4500049034 /* CameraBackgroundController.m in Sources */,
				EAA02D8C1F34766800FC371C /* CamaraViewController.m in Sources */,
				EA2D03FF1F3C810C00EF32EF /* AnimationView.m in Sources */,
				EAA02D561F3475E400FC371C /* main.m in Sources */,
			);
			runOnlyForDeploymentPostprocessing = 0;
		};
		EAA02D661F3475E400FC371C /* Sources */ = {
			isa = PBXSourcesBuildPhase;
			buildActionMask = 2147483647;
			files = (
				EAA02D6F1F3475E400FC371C /* CamaraMessagerTests.m in Sources */,
			);
			runOnlyForDeploymentPostprocessing = 0;
		};
		EAA02D711F3475E400FC371C /* Sources */ = {
			isa = PBXSourcesBuildPhase;
			buildActionMask = 2147483647;
			files = (
				EAA02D7A1F3475E400FC371C /* CamaraMessagerUITests.m in Sources */,
			);
			runOnlyForDeploymentPostprocessing = 0;
		};
/* End PBXSourcesBuildPhase section */

/* Begin PBXTargetDependency section */
		EAA02D6C1F3475E400FC371C /* PBXTargetDependency */ = {
			isa = PBXTargetDependency;
			target = EAA02D501F3475E400FC371C /* CamaraMessager */;
			targetProxy = EAA02D6B1F3475E400FC371C /* PBXContainerItemProxy */;
		};
		EAA02D771F3475E400FC371C /* PBXTargetDependency */ = {
			isa = PBXTargetDependency;
			target = EAA02D501F3475E400FC371C /* CamaraMessager */;
			targetProxy = EAA02D761F3475E400FC371C /* PBXContainerItemProxy */;
		};
/* End PBXTargetDependency section */

/* Begin PBXVariantGroup section */
		EAA02D5D1F3475E400FC371C /* Main.storyboard */ = {
			isa = PBXVariantGroup;
			children = (
				EAA02D5E1F3475E400FC371C /* Base */,
			);
			name = Main.storyboard;
			sourceTree = "<group>";
		};
		EAA02D621F3475E400FC371C /* LaunchScreen.storyboard */ = {
			isa = PBXVariantGroup;
			children = (
				EAA02D631F3475E400FC371C /* Base */,
			);
			name = LaunchScreen.storyboard;
			sourceTree = "<group>";
		};
/* End PBXVariantGroup section */

/* Begin XCBuildConfiguration section */
		EAA02D7C1F3475E400FC371C /* Debug */ = {
			isa = XCBuildConfiguration;
			buildSettings = {
				ALWAYS_SEARCH_USER_PATHS = NO;
				CLANG_ANALYZER_NONNULL = YES;
				CLANG_ANALYZER_NUMBER_OBJECT_CONVERSION = YES_AGGRESSIVE;
				CLANG_CXX_LANGUAGE_STANDARD = "gnu++0x";
				CLANG_CXX_LIBRARY = "libc++";
				CLANG_ENABLE_MODULES = YES;
				CLANG_ENABLE_OBJC_ARC = YES;
				CLANG_WARN_BOOL_CONVERSION = YES;
				CLANG_WARN_CONSTANT_CONVERSION = YES;
				CLANG_WARN_DIRECT_OBJC_ISA_USAGE = YES_ERROR;
				CLANG_WARN_DOCUMENTATION_COMMENTS = YES;
				CLANG_WARN_EMPTY_BODY = YES;
				CLANG_WARN_ENUM_CONVERSION = YES;
				CLANG_WARN_INFINITE_RECURSION = YES;
				CLANG_WARN_INT_CONVERSION = YES;
				CLANG_WARN_OBJC_ROOT_CLASS = YES_ERROR;
				CLANG_WARN_SUSPICIOUS_MOVE = YES;
				CLANG_WARN_UNREACHABLE_CODE = YES;
				CLANG_WARN__DUPLICATE_METHOD_MATCH = YES;
				"CODE_SIGN_IDENTITY[sdk=iphoneos*]" = "iPhone Developer";
				COPY_PHASE_STRIP = NO;
				DEBUG_INFORMATION_FORMAT = dwarf;
				ENABLE_STRICT_OBJC_MSGSEND = YES;
				ENABLE_TESTABILITY = YES;
				GCC_C_LANGUAGE_STANDARD = gnu99;
				GCC_DYNAMIC_NO_PIC = NO;
				GCC_NO_COMMON_BLOCKS = YES;
				GCC_OPTIMIZATION_LEVEL = 0;
				GCC_PREPROCESSOR_DEFINITIONS = (
					"DEBUG=1",
					"$(inherited)",
				);
				GCC_WARN_64_TO_32_BIT_CONVERSION = YES;
				GCC_WARN_ABOUT_RETURN_TYPE = YES_ERROR;
				GCC_WARN_UNDECLARED_SELECTOR = YES;
				GCC_WARN_UNINITIALIZED_AUTOS = YES_AGGRESSIVE;
				GCC_WARN_UNUSED_FUNCTION = YES;
				GCC_WARN_UNUSED_VARIABLE = YES;
				IPHONEOS_DEPLOYMENT_TARGET = 8.0;
				MTL_ENABLE_DEBUG_INFO = YES;
				ONLY_ACTIVE_ARCH = YES;
				SDKROOT = iphoneos;
				TARGETED_DEVICE_FAMILY = "1,2";
			};
			name = Debug;
		};
		EAA02D7D1F3475E400FC371C /* Release */ = {
			isa = XCBuildConfiguration;
			buildSettings = {
				ALWAYS_SEARCH_USER_PATHS = NO;
				CLANG_ANALYZER_NONNULL = YES;
				CLANG_ANALYZER_NUMBER_OBJECT_CONVERSION = YES_AGGRESSIVE;
				CLANG_CXX_LANGUAGE_STANDARD = "gnu++0x";
				CLANG_CXX_LIBRARY = "libc++";
				CLANG_ENABLE_MODULES = YES;
				CLANG_ENABLE_OBJC_ARC = YES;
				CLANG_WARN_BOOL_CONVERSION = YES;
				CLANG_WARN_CONSTANT_CONVERSION = YES;
				CLANG_WARN_DIRECT_OBJC_ISA_USAGE = YES_ERROR;
				CLANG_WARN_DOCUMENTATION_COMMENTS = YES;
				CLANG_WARN_EMPTY_BODY = YES;
				CLANG_WARN_ENUM_CONVERSION = YES;
				CLANG_WARN_INFINITE_RECURSION = YES;
				CLANG_WARN_INT_CONVERSION = YES;
				CLANG_WARN_OBJC_ROOT_CLASS = YES_ERROR;
				CLANG_WARN_SUSPICIOUS_MOVE = YES;
				CLANG_WARN_UNREACHABLE_CODE = YES;
				CLANG_WARN__DUPLICATE_METHOD_MATCH = YES;
				"CODE_SIGN_IDENTITY[sdk=iphoneos*]" = "iPhone Developer";
				COPY_PHASE_STRIP = NO;
				DEBUG_INFORMATION_FORMAT = "dwarf-with-dsym";
				ENABLE_NS_ASSERTIONS = NO;
				ENABLE_STRICT_OBJC_MSGSEND = YES;
				GCC_C_LANGUAGE_STANDARD = gnu99;
				GCC_NO_COMMON_BLOCKS = YES;
				GCC_WARN_64_TO_32_BIT_CONVERSION = YES;
				GCC_WARN_ABOUT_RETURN_TYPE = YES_ERROR;
				GCC_WARN_UNDECLARED_SELECTOR = YES;
				GCC_WARN_UNINITIALIZED_AUTOS = YES_AGGRESSIVE;
				GCC_WARN_UNUSED_FUNCTION = YES;
				GCC_WARN_UNUSED_VARIABLE = YES;
				IPHONEOS_DEPLOYMENT_TARGET = 8.0;
				MTL_ENABLE_DEBUG_INFO = NO;
				SDKROOT = iphoneos;
				TARGETED_DEVICE_FAMILY = "1,2";
				VALIDATE_PRODUCT = YES;
			};
			name = Release;
		};
		EAA02D7F1F3475E400FC371C /* Debug */ = {
			isa = XCBuildConfiguration;
			baseConfigurationReference = 773A48E4E5C4FC79A94E62B2 /* Pods-CamaraMessager.debug.xcconfig */;
			buildSettings = {
				ASSETCATALOG_COMPILER_APPICON_NAME = AppIcon;
				DEVELOPMENT_TEAM = V2Q6A7M8X9;
				INFOPLIST_FILE = CamaraMessager/Info.plist;
				IPHONEOS_DEPLOYMENT_TARGET = 8.0;
				LD_RUNPATH_SEARCH_PATHS = "$(inherited) @executable_path/Frameworks";
				PRODUCT_BUNDLE_IDENTIFIER = VNG.CamaraMessager;
				PRODUCT_NAME = "$(TARGET_NAME)";
			};
			name = Debug;
		};
		EAA02D801F3475E400FC371C /* Release */ = {
			isa = XCBuildConfiguration;
			baseConfigurationReference = 30579EE323A1CBC0F6EEEF80 /* Pods-CamaraMessager.release.xcconfig */;
			buildSettings = {
				ASSETCATALOG_COMPILER_APPICON_NAME = AppIcon;
				DEVELOPMENT_TEAM = V2Q6A7M8X9;
				INFOPLIST_FILE = CamaraMessager/Info.plist;
				IPHONEOS_DEPLOYMENT_TARGET = 8.0;
				LD_RUNPATH_SEARCH_PATHS = "$(inherited) @executable_path/Frameworks";
				PRODUCT_BUNDLE_IDENTIFIER = VNG.CamaraMessager;
				PRODUCT_NAME = "$(TARGET_NAME)";
			};
			name = Release;
		};
		EAA02D821F3475E400FC371C /* Debug */ = {
			isa = XCBuildConfiguration;
			buildSettings = {
				BUNDLE_LOADER = "$(TEST_HOST)";
				INFOPLIST_FILE = CamaraMessagerTests/Info.plist;
				LD_RUNPATH_SEARCH_PATHS = "$(inherited) @executable_path/Frameworks @loader_path/Frameworks";
				PRODUCT_BUNDLE_IDENTIFIER = VNG.CamaraMessagerTests;
				PRODUCT_NAME = "$(TARGET_NAME)";
				TEST_HOST = "$(BUILT_PRODUCTS_DIR)/CamaraMessager.app/CamaraMessager";
			};
			name = Debug;
		};
		EAA02D831F3475E400FC371C /* Release */ = {
			isa = XCBuildConfiguration;
			buildSettings = {
				BUNDLE_LOADER = "$(TEST_HOST)";
				INFOPLIST_FILE = CamaraMessagerTests/Info.plist;
				LD_RUNPATH_SEARCH_PATHS = "$(inherited) @executable_path/Frameworks @loader_path/Frameworks";
				PRODUCT_BUNDLE_IDENTIFIER = VNG.CamaraMessagerTests;
				PRODUCT_NAME = "$(TARGET_NAME)";
				TEST_HOST = "$(BUILT_PRODUCTS_DIR)/CamaraMessager.app/CamaraMessager";
			};
			name = Release;
		};
		EAA02D851F3475E400FC371C /* Debug */ = {
			isa = XCBuildConfiguration;
			buildSettings = {
				INFOPLIST_FILE = CamaraMessagerUITests/Info.plist;
				LD_RUNPATH_SEARCH_PATHS = "$(inherited) @executable_path/Frameworks @loader_path/Frameworks";
				PRODUCT_BUNDLE_IDENTIFIER = VNG.CamaraMessagerUITests;
				PRODUCT_NAME = "$(TARGET_NAME)";
				TEST_TARGET_NAME = CamaraMessager;
			};
			name = Debug;
		};
		EAA02D861F3475E400FC371C /* Release */ = {
			isa = XCBuildConfiguration;
			buildSettings = {
				INFOPLIST_FILE = CamaraMessagerUITests/Info.plist;
				LD_RUNPATH_SEARCH_PATHS = "$(inherited) @executable_path/Frameworks @loader_path/Frameworks";
				PRODUCT_BUNDLE_IDENTIFIER = VNG.CamaraMessagerUITests;
				PRODUCT_NAME = "$(TARGET_NAME)";
				TEST_TARGET_NAME = CamaraMessager;
			};
			name = Release;
		};
/* End XCBuildConfiguration section */

/* Begin XCConfigurationList section */
		EAA02D4C1F3475E400FC371C /* Build configuration list for PBXProject "CamaraMessager" */ = {
			isa = XCConfigurationList;
			buildConfigurations = (
				EAA02D7C1F3475E400FC371C /* Debug */,
				EAA02D7D1F3475E400FC371C /* Release */,
			);
			defaultConfigurationIsVisible = 0;
			defaultConfigurationName = Release;
		};
		EAA02D7E1F3475E400FC371C /* Build configuration list for PBXNativeTarget "CamaraMessager" */ = {
			isa = XCConfigurationList;
			buildConfigurations = (
				EAA02D7F1F3475E400FC371C /* Debug */,
				EAA02D801F3475E400FC371C /* Release */,
			);
			defaultConfigurationIsVisible = 0;
			defaultConfigurationName = Release;
		};
		EAA02D811F3475E400FC371C /* Build configuration list for PBXNativeTarget "CamaraMessagerTests" */ = {
			isa = XCConfigurationList;
			buildConfigurations = (
				EAA02D821F3475E400FC371C /* Debug */,
				EAA02D831F3475E400FC371C /* Release */,
			);
			defaultConfigurationIsVisible = 0;
			defaultConfigurationName = Release;
		};
		EAA02D841F3475E400FC371C /* Build configuration list for PBXNativeTarget "CamaraMessagerUITests" */ = {
			isa = XCConfigurationList;
			buildConfigurations = (
				EAA02D851F3475E400FC371C /* Debug */,
				EAA02D861F3475E400FC371C /* Release */,
			);
			defaultConfigurationIsVisible = 0;
			defaultConfigurationName = Release;
		};
/* End XCConfigurationList section */
	};
	rootObject = EAA02D491F3475E400FC371C /* Project object */;
}
